
Microsoft Visual Studio Solution File, Format Version 12.00
# Visual Studio Version 16
VisualStudioVersion = 16.0.32126.315
MinimumVisualStudioVersion = 10.0.40219.1
Project("{FAE04EC0-301F-11D3-BF4B-00C04F79EFBC}") = "LogInRegister", "LogInRegister\LogInRegister.csproj", "{BA09F841-8ED6-4C41-9BDE-7D441A3A05AB}"
EndProject
Global
	GlobalSection(SolutionConfigurationPlatforms) = preSolution
		Debug|Any CPU = Debug|Any CPU
		Release|Any CPU = Release|Any CPU
	EndGlobalSection
	GlobalSection(ProjectConfigurationPlatforms) = postSolution
		{BA09F841-8ED6-4C41-9BDE-7D441A3A05AB}.Debug|Any CPU.ActiveCfg = Debug|Any CPU
		{BA09F841-8ED6-4C41-9BDE-7D441A3A05AB}.Debug|Any CPU.Build.0 = Debug|Any CPU
		{BA09F841-8ED6-4C41-9BDE-7D441A3A05AB}.Release|Any CPU.ActiveCfg = Release|Any CPU
		{BA09F841-8ED6-4C41-9BDE-7D441A3A05AB}.Release|Any CPU.Build.0 = Release|Any CPU
	EndGlobalSection
	GlobalSection(SolutionProperties) = preSolution
		HideSolutionNode = FALSE
	EndGlobalSection
	GlobalSection(ExtensibilityGlobals) = postSolution
		SolutionGuid = {EB7CFB41-C8F8-4342-91C8-AF18F5793AA8}
	EndGlobalSection
EndGlobal
